
Microsoft Visual Studio Solution File, Format Version 12.00
# Visual Studio 15
VisualStudioVersion = 15.0.27004.2009
MinimumVisualStudioVersion = 10.0.40219.1
Project("{FAE04EC0-301F-11D3-BF4B-00C04F79EFBC}") = "FindFilesOrDirectories", "FindFilesOrDirectories.csproj", "{3E21F072-568C-4BBD-9784-225FC693E6C6}"
EndProject
Project("{FAE04EC0-301F-11D3-BF4B-00C04F79EFBC}") = "PRISM_NET472", "..\PRISM_NET472.csproj", "{C37995A7-258D-4B76-9703-AFF6C4C32C8C}"
EndProject
Global
	GlobalSection(SolutionConfigurationPlatforms) = preSolution
		Debug|Any CPU = Debug|Any CPU
		Release|Any CPU = Release|Any CPU
	EndGlobalSection
	GlobalSection(ProjectConfigurationPlatforms) = postSolution
		{3E21F072-568C-4BBD-9784-225FC693E6C6}.Debug|Any CPU.ActiveCfg = Debug|Any CPU
		{3E21F072-568C-4BBD-9784-225FC693E6C6}.Debug|Any CPU.Build.0 = Debug|Any CPU
		{3E21F072-568C-4BBD-9784-225FC693E6C6}.Release|Any CPU.ActiveCfg = Release|Any CPU
		{3E21F072-568C-4BBD-9784-225FC693E6C6}.Release|Any CPU.Build.0 = Release|Any CPU
		{C37995A7-258D-4B76-9703-AFF6C4C32C8C}.Debug|Any CPU.ActiveCfg = Debug|Any CPU
		{C37995A7-258D-4B76-9703-AFF6C4C32C8C}.Debug|Any CPU.Build.0 = Debug|Any CPU
		{C37995A7-258D-4B76-9703-AFF6C4C32C8C}.Release|Any CPU.ActiveCfg = Release|Any CPU
		{C37995A7-258D-4B76-9703-AFF6C4C32C8C}.Release|Any CPU.Build.0 = Release|Any CPU
	EndGlobalSection
	GlobalSection(SolutionProperties) = preSolution
		HideSolutionNode = FALSE
	EndGlobalSection
	GlobalSection(ExtensibilityGlobals) = postSolution
		SolutionGuid = {BAF06187-23EB-4BAC-93AC-226404B8ED14}
	EndGlobalSection
EndGlobal
